
Microsoft Visual Studio Solution File, Format Version 10.00
# Visual Studio 2008
Project("{FAE04EC0-301F-11D3-BF4B-00C04F79EFBC}") = "Immutability", "Immutability\Immutability.csproj", "{7C242BA6-5909-4F29-B0D0-61C890ED84F9}"
EndProject
Project("{FAE04EC0-301F-11D3-BF4B-00C04F79EFBC}") = "Exceptions", "Exceptions\Exceptions.csproj", "{7D471BE7-C2FE-43C9-9872-3D3978C1E17F}"
EndProject
Project("{FAE04EC0-301F-11D3-BF4B-00C04F79EFBC}") = "IDisposable", "IDisposable\IDisposable.csproj", "{311E48EE-B98C-4EBB-A6D8-E561B5ECC44D}"
EndProject
Project("{FAE04EC0-301F-11D3-BF4B-00C04F79EFBC}") = "Threading", "Threading\Threading.csproj", "{5FE02003-CBC7-438C-95A4-76BD5EC5D133}"
EndProject
Global
	GlobalSection(SolutionConfigurationPlatforms) = preSolution
		Debug|Any CPU = Debug|Any CPU
		Release|Any CPU = Release|Any CPU
	EndGlobalSection
	GlobalSection(ProjectConfigurationPlatforms) = postSolution
		{7C242BA6-5909-4F29-B0D0-61C890ED84F9}.Debug|Any CPU.ActiveCfg = Debug|Any CPU
		{7C242BA6-5909-4F29-B0D0-61C890ED84F9}.Debug|Any CPU.Build.0 = Debug|Any CPU
		{7C242BA6-5909-4F29-B0D0-61C890ED84F9}.Release|Any CPU.ActiveCfg = Release|Any CPU
		{7C242BA6-5909-4F29-B0D0-61C890ED84F9}.Release|Any CPU.Build.0 = Release|Any CPU
		{7D471BE7-C2FE-43C9-9872-3D3978C1E17F}.Debug|Any CPU.ActiveCfg = Debug|Any CPU
		{7D471BE7-C2FE-43C9-9872-3D3978C1E17F}.Debug|Any CPU.Build.0 = Debug|Any CPU
		{7D471BE7-C2FE-43C9-9872-3D3978C1E17F}.Release|Any CPU.ActiveCfg = Release|Any CPU
		{7D471BE7-C2FE-43C9-9872-3D3978C1E17F}.Release|Any CPU.Build.0 = Release|Any CPU
		{311E48EE-B98C-4EBB-A6D8-E561B5ECC44D}.Debug|Any CPU.ActiveCfg = Debug|Any CPU
		{311E48EE-B98C-4EBB-A6D8-E561B5ECC44D}.Debug|Any CPU.Build.0 = Debug|Any CPU
		{311E48EE-B98C-4EBB-A6D8-E561B5ECC44D}.Release|Any CPU.ActiveCfg = Release|Any CPU
		{311E48EE-B98C-4EBB-A6D8-E561B5ECC44D}.Release|Any CPU.Build.0 = Release|Any CPU
		{5FE02003-CBC7-438C-95A4-76BD5EC5D133}.Debug|Any CPU.ActiveCfg = Debug|Any CPU
		{5FE02003-CBC7-438C-95A4-76BD5EC5D133}.Debug|Any CPU.Build.0 = Debug|Any CPU
		{5FE02003-CBC7-438C-95A4-76BD5EC5D133}.Release|Any CPU.ActiveCfg = Release|Any CPU
		{5FE02003-CBC7-438C-95A4-76BD5EC5D133}.Release|Any CPU.Build.0 = Release|Any CPU
	EndGlobalSection
	GlobalSection(SolutionProperties) = preSolution
		HideSolutionNode = FALSE
	EndGlobalSection
EndGlobal
